// !$*UTF8*$!
{
	archiveVersion = 1;
	classes = {
	};
	objectVersion = 46;
	objects = {

/* Begin PBXBuildFile section */
		2D9620791CC384C60015F76F /* LXScrollView.m in Sources */ = {isa = PBXBuildFile; fileRef = 2D9620781CC384C60015F76F /* LXScrollView.m */; };
		2DBD59071CBE1AE200397708 /* main.m in Sources */ = {isa = PBXBuildFile; fileRef = 2DBD59061CBE1AE200397708 /* main.m */; };
		2DBD590A1CBE1AE300397708 /* AppDelegate.m in Sources */ = {isa = PBXBuildFile; fileRef = 2DBD59091CBE1AE300397708 /* AppDelegate.m */; };
		2DBD590D1CBE1AE300397708 /* ViewController.m in Sources */ = {isa = PBXBuildFile; fileRef = 2DBD590C1CBE1AE300397708 /* ViewController.m */; };
		2DBD59101CBE1AE300397708 /* Main.storyboard in Resources */ = {isa = PBXBuildFile; fileRef = 2DBD590E1CBE1AE300397708 /* Main.storyboard */; };
		2DBD59121CBE1AE300397708 /* Assets.xcassets in Resources */ = {isa = PBXBuildFile; fileRef = 2DBD59111CBE1AE300397708 /* Assets.xcassets */; };
		2DBD59151CBE1AE300397708 /* LaunchScreen.storyboard in Resources */ = {isa = PBXBuildFile; fileRef = 2DBD59131CBE1AE300397708 /* LaunchScreen.storyboard */; };
/* End PBXBuildFile section */

/* Begin PBXFileReference section */
		2D9620771CC384C60015F76F /* LXScrollView.h */ = {isa = PBXFileReference; fileEncoding = 4; lastKnownFileType = sourcecode.c.h; path = LXScrollView.h; sourceTree = "<group>"; };
		2D9620781CC384C60015F76F /* LXScrollView.m */ = {isa = PBXFileReference; fileEncoding = 4; lastKnownFileType = sourcecode.c.objc; path = LXScrollView.m; sourceTree = "<group>"; };
		2DBD59021CBE1AE200397708 /* ScrollViewDemo.app */ = {isa = PBXFileReference; explicitFileType = wrapper.application; includeInIndex = 0; path = ScrollViewDemo.app; sourceTree = BUILT_PRODUCTS_DIR; };
		2DBD59061CBE1AE200397708 /* main.m */ = {isa = PBXFileReference; lastKnownFileType = sourcecode.c.objc; path = main.m; sourceTree = "<group>"; };
		2DBD59081CBE1AE200397708 /* AppDelegate.h */ = {isa = PBXFileReference; lastKnownFileType = sourcecode.c.h; path = AppDelegate.h; sourceTree = "<group>"; };
		2DBD59091CBE1AE300397708 /* AppDelegate.m */ = {isa = PBXFileReference; lastKnownFileType = sourcecode.c.objc; path = AppDelegate.m; sourceTree = "<group>"; };
		2DBD590B1CBE1AE300397708 /* ViewController.h */ = {isa = PBXFileReference; lastKnownFileType = sourcecode.c.h; path = ViewController.h; sourceTree = "<group>"; };
		2DBD590C1CBE1AE300397708 /* ViewController.m */ = {isa = PBXFileReference; lastKnownFileType = sourcecode.c.objc; path = ViewController.m; sourceTree = "<group>"; };
		2DBD590F1CBE1AE300397708 /* Base */ = {isa = PBXFileReference; lastKnownFileType = file.storyboard; name = Base; path = Base.lproj/Main.storyboard; sourceTree = "<group>"; };
		2DBD59111CBE1AE300397708 /* Assets.xcassets */ = {isa = PBXFileReference; lastKnownFileType = folder.assetcatalog; path = Assets.xcassets; sourceTree = "<group>"; };
		2DBD59141CBE1AE300397708 /* Base */ = {isa = PBXFileReference; lastKnownFileType = file.storyboard; name = Base; path = Base.lproj/LaunchScreen.storyboard; sourceTree = "<group>"; };
		2DBD59161CBE1AE300397708 /* Info.plist */ = {isa = PBXFileReference; lastKnownFileType = text.plist.xml; path = Info.plist; sourceTree = "<group>"; };
/* End PBXFileReference section */

/* Begin PBXFrameworksBuildPhase section */
		2DBD58FF1CBE1AE200397708 /* Frameworks */ = {
			isa = PBXFrameworksBuildPhase;
			buildActionMask = 2147483647;
			files = (
			);
			runOnlyForDeploymentPostprocessing = 0;
		};
/* End PBXFrameworksBuildPhase section */

/* Begin PBXGroup section */
		2D9620761CC384C60015F76F /* LXScrollView */ = {
			isa = PBXGroup;
			children = (
				2D9620771CC384C60015F76F /* LXScrollView.h */,
				2D9620781CC384C60015F76F /* LXScrollView.m */,
			);
			path = LXScrollView;
			sourceTree = "<group>";
		};
		2DBD58F91CBE1AE200397708 = {
			isa = PBXGroup;
			children = (
				2D9620761CC384C60015F76F /* LXScrollView */,
				2DBD59041CBE1AE200397708 /* ScrollViewDemo */,
				2DBD59031CBE1AE200397708 /* Products */,
			);
			sourceTree = "<group>";
		};
		2DBD59031CBE1AE200397708 /* Products */ = {
			isa = PBXGroup;
			children = (
				2DBD59021CBE1AE200397708 /* ScrollViewDemo.app */,
			);
			name = Products;
			sourceTree = "<group>";
		};
		2DBD59041CBE1AE200397708 /* ScrollViewDemo */ = {
			isa = PBXGroup;
			children = (
				2DBD59081CBE1AE200397708 /* AppDelegate.h */,
				2DBD59091CBE1AE300397708 /* AppDelegate.m */,
				2DBD590B1CBE1AE300397708 /* ViewController.h */,
				2DBD590C1CBE1AE300397708 /* ViewController.m */,
				2DBD590E1CBE1AE300397708 /* Main.storyboard */,
				2DBD59111CBE1AE300397708 /* Assets.xcassets */,
				2DBD59131CBE1AE300397708 /* LaunchScreen.storyboard */,
				2DBD59161CBE1AE300397708 /* Info.plist */,
				2DBD59051CBE1AE200397708 /* Supporting Files */,
			);
			path = ScrollViewDemo;
			sourceTree = "<group>";
		};
		2DBD59051CBE1AE200397708 /* Supporting Files */ = {
			isa = PBXGroup;
			children = (
				2DBD59061CBE1AE200397708 /* main.m */,
			);
			name = "Supporting Files";
			sourceTree = "<group>";
		};
/* End PBXGroup section */

/* Begin PBXNativeTarget section */
		2DBD59011CBE1AE200397708 /* ScrollViewDemo */ = {
			isa = PBXNativeTarget;
			buildConfigurationList = 2DBD59191CBE1AE300397708 /* Build configuration list for PBXNativeTarget "ScrollViewDemo" */;
			buildPhases = (
				2DBD58FE1CBE1AE200397708 /* Sources */,
				2DBD58FF1CBE1AE200397708 /* Frameworks */,
				2DBD59001CBE1AE200397708 /* Resources */,
			);
			buildRules = (
			);
			dependencies = (
			);
			name = ScrollViewDemo;
			productName = ScrollViewDemo;
			productReference = 2DBD59021CBE1AE200397708 /* ScrollViewDemo.app */;
			productType = "com.apple.product-type.application";
		};
/* End PBXNativeTarget section */

/* Begin PBXProject section */
		2DBD58FA1CBE1AE200397708 /* Project object */ = {
			isa = PBXProject;
			attributes = {
				LastUpgradeCheck = 0730;
				ORGANIZATIONNAME = "千行时线";
				TargetAttributes = {
					2DBD59011CBE1AE200397708 = {
						CreatedOnToolsVersion = 7.3;
						DevelopmentTeam = 6U2XW736FX;
					};
				};
			};
			buildConfigurationList = 2DBD58FD1CBE1AE200397708 /* Build configuration list for PBXProject "ScrollViewDemo" */;
			compatibilityVersion = "Xcode 3.2";
			developmentRegion = English;
			hasScannedForEncodings = 0;
			knownRegions = (
				en,
				Base,
			);
			mainGroup = 2DBD58F91CBE1AE200397708;
			productRefGroup = 2DBD59031CBE1AE200397708 /* Products */;
			projectDirPath = "";
			projectRoot = "";
			targets = (
				2DBD59011CBE1AE200397708 /* ScrollViewDemo */,
			);
		};
/* End PBXProject section */

/* Begin PBXResourcesBuildPhase section */
		2DBD59001CBE1AE200397708 /* Resources */ = {
			isa = PBXResourcesBuildPhase;
			buildActionMask = 2147483647;
			files = (
				2DBD59151CBE1AE300397708 /* LaunchScreen.storyboard in Resources */,
				2DBD59121CBE1AE300397708 /* Assets.xcassets in Resources */,
				2DBD59101CBE1AE300397708 /* Main.storyboard in Resources */,
			);
			runOnlyForDeploymentPostprocessing = 0;
		};
/* End PBXResourcesBuildPhase section */

/* Begin PBXSourcesBuildPhase section */
		2DBD58FE1CBE1AE200397708 /* Sources */ = {
			isa = PBXSourcesBuildPhase;
			buildActionMask = 2147483647;
			files = (
				2DBD590D1CBE1AE300397708 /* ViewController.m in Sources */,
				2DBD590A1CBE1AE300397708 /* AppDelegate.m in Sources */,
				2DBD59071CBE1AE200397708 /* main.m in Sources */,
				2D9620791CC384C60015F76F /* LXScrollView.m in Sources */,
			);
			runOnlyForDeploymentPostprocessing = 0;
		};
/* End PBXSourcesBuildPhase section */

/* Begin PBXVariantGroup section */
		2DBD590E1CBE1AE300397708 /* Main.storyboard */ = {
			isa = PBXVariantGroup;
			children = (
				2DBD590F1CBE1AE300397708 /* Base */,
			);
			name = Main.storyboard;
			sourceTree = "<group>";
		};
		2DBD59131CBE1AE300397708 /* LaunchScreen.storyboard */ = {
			isa = PBXVariantGroup;
			children = (
				2DBD59141CBE1AE300397708 /* Base */,
			);
			name = LaunchScreen.storyboard;
			sourceTree = "<group>";
		};
/* End PBXVariantGroup section */

/* Begin XCBuildConfiguration section */
		2DBD59171CBE1AE300397708 /* Debug */ = {
			isa = XCBuildConfiguration;
			buildSettings = {
				ALWAYS_SEARCH_USER_PATHS = NO;
				CLANG_ANALYZER_NONNULL = YES;
				CLANG_CXX_LANGUAGE_STANDARD = "gnu++0x";
				CLANG_CXX_LIBRARY = "libc++";
				CLANG_ENABLE_MODULES = YES;
				CLANG_ENABLE_OBJC_ARC = YES;
				CLANG_WARN_BOOL_CONVERSION = YES;
				CLANG_WARN_CONSTANT_CONVERSION = YES;
				CLANG_WARN_DIRECT_OBJC_ISA_USAGE = YES_ERROR;
				CLANG_WARN_EMPTY_BODY = YES;
				CLANG_WARN_ENUM_CONVERSION = YES;
				CLANG_WARN_INT_CONVERSION = YES;
				CLANG_WARN_OBJC_ROOT_CLASS = YES_ERROR;
				CLANG_WARN_UNREACHABLE_CODE = YES;
				CLANG_WARN__DUPLICATE_METHOD_MATCH = YES;
				"CODE_SIGN_IDENTITY[sdk=iphoneos*]" = "iPhone Developer";
				COPY_PHASE_STRIP = NO;
				DEBUG_INFORMATION_FORMAT = dwarf;
				ENABLE_STRICT_OBJC_MSGSEND = YES;
				ENABLE_TESTABILITY = YES;
				GCC_C_LANGUAGE_STANDARD = gnu99;
				GCC_DYNAMIC_NO_PIC = NO;
				GCC_NO_COMMON_BLOCKS = YES;
				GCC_OPTIMIZATION_LEVEL = 0;
				GCC_PREPROCESSOR_DEFINITIONS = (
					"DEBUG=1",
					"$(inherited)",
				);
				GCC_WARN_64_TO_32_BIT_CONVERSION = YES;
				GCC_WARN_ABOUT_RETURN_TYPE = YES_ERROR;
				GCC_WARN_UNDECLARED_SELECTOR = YES;
				GCC_WARN_UNINITIALIZED_AUTOS = YES_AGGRESSIVE;
				GCC_WARN_UNUSED_FUNCTION = YES;
				GCC_WARN_UNUSED_VARIABLE = YES;
				IPHONEOS_DEPLOYMENT_TARGET = 9.3;
				MTL_ENABLE_DEBUG_INFO = YES;
				ONLY_ACTIVE_ARCH = YES;
				SDKROOT = iphoneos;
			};
			name = Debug;
		};
		2DBD59181CBE1AE300397708 /* Release */ = {
			isa = XCBuildConfiguration;
			buildSettings = {
				ALWAYS_SEARCH_USER_PATHS = NO;
				CLANG_ANALYZER_NONNULL = YES;
				CLANG_CXX_LANGUAGE_STANDARD = "gnu++0x";
				CLANG_CXX_LIBRARY = "libc++";
				CLANG_ENABLE_MODULES = YES;
				CLANG_ENABLE_OBJC_ARC = YES;
				CLANG_WARN_BOOL_CONVERSION = YES;
				CLANG_WARN_CONSTANT_CONVERSION = YES;
				CLANG_WARN_DIRECT_OBJC_ISA_USAGE = YES_ERROR;
				CLANG_WARN_EMPTY_BODY = YES;
				CLANG_WARN_ENUM_CONVERSION = YES;
				CLANG_WARN_INT_CONVERSION = YES;
				CLANG_WARN_OBJC_ROOT_CLASS = YES_ERROR;
				CLANG_WARN_UNREACHABLE_CODE = YES;
				CLANG_WARN__DUPLICATE_METHOD_MATCH = YES;
				"CODE_SIGN_IDENTITY[sdk=iphoneos*]" = "iPhone Developer";
				COPY_PHASE_STRIP = NO;
				DEBUG_INFORMATION_FORMAT = "dwarf-with-dsym";
				ENABLE_NS_ASSERTIONS = NO;
				ENABLE_STRICT_OBJC_MSGSEND = YES;
				GCC_C_LANGUAGE_STANDARD = gnu99;
				GCC_NO_COMMON_BLOCKS = YES;
				GCC_WARN_64_TO_32_BIT_CONVERSION = YES;
				GCC_WARN_ABOUT_RETURN_TYPE = YES_ERROR;
				GCC_WARN_UNDECLARED_SELECTOR = YES;
				GCC_WARN_UNINITIALIZED_AUTOS = YES_AGGRESSIVE;
				GCC_WARN_UNUSED_FUNCTION = YES;
				GCC_WARN_UNUSED_VARIABLE = YES;
				IPHONEOS_DEPLOYMENT_TARGET = 9.3;
				MTL_ENABLE_DEBUG_INFO = NO;
				SDKROOT = iphoneos;
				VALIDATE_PRODUCT = YES;
			};
			name = Release;
		};
		2DBD591A1CBE1AE300397708 /* Debug */ = {
			isa = XCBuildConfiguration;
			buildSettings = {
				ASSETCATALOG_COMPILER_APPICON_NAME = AppIcon;
				CODE_SIGN_IDENTITY = "iPhone Developer";
				DEVELOPMENT_TEAM = 6U2XW736FX;
				INFOPLIST_FILE = ScrollViewDemo/Info.plist;
				IPHONEOS_DEPLOYMENT_TARGET = 9.0;
				LD_RUNPATH_SEARCH_PATHS = "$(inherited) @executable_path/Frameworks";
				PRODUCT_BUNDLE_IDENTIFIER = com.QXSX.ScrollViewDemo;
				PRODUCT_NAME = "$(TARGET_NAME)";
			};
			name = Debug;
		};
		2DBD591B1CBE1AE300397708 /* Release */ = {
			isa = XCBuildConfiguration;
			buildSettings = {
				ASSETCATALOG_COMPILER_APPICON_NAME = AppIcon;
				CODE_SIGN_IDENTITY = "iPhone Developer";
				DEVELOPMENT_TEAM = 6U2XW736FX;
				INFOPLIST_FILE = ScrollViewDemo/Info.plist;
				IPHONEOS_DEPLOYMENT_TARGET = 9.0;
				LD_RUNPATH_SEARCH_PATHS = "$(inherited) @executable_path/Frameworks";
				PRODUCT_BUNDLE_IDENTIFIER = com.QXSX.ScrollViewDemo;
				PRODUCT_NAME = "$(TARGET_NAME)";
			};
			name = Release;
		};
/* End XCBuildConfiguration section */

/* Begin XCConfigurationList section */
		2DBD58FD1CBE1AE200397708 /* Build configuration list for PBXProject "ScrollViewDemo" */ = {
			isa = XCConfigurationList;
			buildConfigurations = (
				2DBD59171CBE1AE300397708 /* Debug */,
				2DBD59181CBE1AE300397708 /* Release */,
			);
			defaultConfigurationIsVisible = 0;
			defaultConfigurationName = Release;
		};
		2DBD59191CBE1AE300397708 /* Build configuration list for PBXNativeTarget "ScrollViewDemo" */ = {
			isa = XCConfigurationList;
			buildConfigurations = (
				2DBD591A1CBE1AE300397708 /* Debug */,
				2DBD591B1CBE1AE300397708 /* Release */,
			);
			defaultConfigurationIsVisible = 0;
			defaultConfigurationName = Release;
		};
/* End XCConfigurationList section */
	};
	rootObject = 2DBD58FA1CBE1AE200397708 /* Project object */;
}
